
Microsoft Visual Studio Solution File, Format Version 12.00
# Visual Studio Version 16
VisualStudioVersion = 16.0.31702.278
MinimumVisualStudioVersion = 10.0.40219.1
Project("{FAE04EC0-301F-11D3-BF4B-00C04F79EFBC}") = "DockerApp", "DockerApp.csproj", "{2C09021D-5826-441C-AD64-221096AEF81A}"
EndProject
Global
	GlobalSection(SolutionConfigurationPlatforms) = preSolution
		Debug|Any CPU = Debug|Any CPU
		Release|Any CPU = Release|Any CPU
	EndGlobalSection
	GlobalSection(ProjectConfigurationPlatforms) = postSolution
		{2C09021D-5826-441C-AD64-221096AEF81A}.Debug|Any CPU.ActiveCfg = Debug|Any CPU
		{2C09021D-5826-441C-AD64-221096AEF81A}.Debug|Any CPU.Build.0 = Debug|Any CPU
		{2C09021D-5826-441C-AD64-221096AEF81A}.Release|Any CPU.ActiveCfg = Release|Any CPU
		{2C09021D-5826-441C-AD64-221096AEF81A}.Release|Any CPU.Build.0 = Release|Any CPU
	EndGlobalSection
	GlobalSection(SolutionProperties) = preSolution
		HideSolutionNode = FALSE
	EndGlobalSection
	GlobalSection(ExtensibilityGlobals) = postSolution
		SolutionGuid = {D4CBFF58-20A7-4BCA-A9FD-36836C59AA03}
	EndGlobalSection
EndGlobal
